
Microsoft Visual Studio Solution File, Format Version 12.00
Project("{FAE04EC0-301F-11D3-BF4B-00C04F79EFBC}") = "NUO-TAISTELU", "NUO-TAISTELU\NUO-TAISTELU.csproj", "{15057923-C1B3-46C4-96D7-A51C2E4C2AC0}"
EndProject
Global
	GlobalSection(SolutionConfigurationPlatforms) = preSolution
		Debug|Any CPU = Debug|Any CPU
		Release|Any CPU = Release|Any CPU
	EndGlobalSection
	GlobalSection(ProjectConfigurationPlatforms) = postSolution
		{15057923-C1B3-46C4-96D7-A51C2E4C2AC0}.Debug|Any CPU.ActiveCfg = Debug|Any CPU
		{15057923-C1B3-46C4-96D7-A51C2E4C2AC0}.Debug|Any CPU.Build.0 = Debug|Any CPU
		{15057923-C1B3-46C4-96D7-A51C2E4C2AC0}.Release|Any CPU.ActiveCfg = Release|Any CPU
		{15057923-C1B3-46C4-96D7-A51C2E4C2AC0}.Release|Any CPU.Build.0 = Release|Any CPU
	EndGlobalSection
EndGlobal
